
Microsoft Visual Studio Solution File, Format Version 12.00
# Visual Studio Version 16
VisualStudioVersion = 16.0.29609.76
MinimumVisualStudioVersion = 10.0.40219.1
Project("{FAE04EC0-301F-11D3-BF4B-00C04F79EFBC}") = "SendSms", "SendSms\SendSms.csproj", "{A818CE35-508F-486F-95DB-13028E6F1925}"
EndProject
Project("{FAE04EC0-301F-11D3-BF4B-00C04F79EFBC}") = "SendSms.Services", "SendSms.Services\SendSms.Services.csproj", "{1DD3991B-9BBF-4EE4-9985-3D9C6C40FC34}"
EndProject
Project("{FAE04EC0-301F-11D3-BF4B-00C04F79EFBC}") = "SendSms.Models", "SendSms.Models\SendSms.Models.csproj", "{108C8BDE-ED4F-4E93-9CD3-3F3A8C7F80D5}"
EndProject
Project("{FAE04EC0-301F-11D3-BF4B-00C04F79EFBC}") = "SendSms.Validator", "SendSms.Validator\SendSms.Validator.csproj", "{CAC7EE83-DDA8-4682-8FA6-F6098B3A1711}"
EndProject
Global
	GlobalSection(SolutionConfigurationPlatforms) = preSolution
		Debug|Any CPU = Debug|Any CPU
		Release|Any CPU = Release|Any CPU
	EndGlobalSection
	GlobalSection(ProjectConfigurationPlatforms) = postSolution
		{A818CE35-508F-486F-95DB-13028E6F1925}.Debug|Any CPU.ActiveCfg = Debug|Any CPU
		{A818CE35-508F-486F-95DB-13028E6F1925}.Debug|Any CPU.Build.0 = Debug|Any CPU
		{A818CE35-508F-486F-95DB-13028E6F1925}.Release|Any CPU.ActiveCfg = Release|Any CPU
		{A818CE35-508F-486F-95DB-13028E6F1925}.Release|Any CPU.Build.0 = Release|Any CPU
		{1DD3991B-9BBF-4EE4-9985-3D9C6C40FC34}.Debug|Any CPU.ActiveCfg = Debug|Any CPU
		{1DD3991B-9BBF-4EE4-9985-3D9C6C40FC34}.Debug|Any CPU.Build.0 = Debug|Any CPU
		{1DD3991B-9BBF-4EE4-9985-3D9C6C40FC34}.Release|Any CPU.ActiveCfg = Release|Any CPU
		{1DD3991B-9BBF-4EE4-9985-3D9C6C40FC34}.Release|Any CPU.Build.0 = Release|Any CPU
		{108C8BDE-ED4F-4E93-9CD3-3F3A8C7F80D5}.Debug|Any CPU.ActiveCfg = Debug|Any CPU
		{108C8BDE-ED4F-4E93-9CD3-3F3A8C7F80D5}.Debug|Any CPU.Build.0 = Debug|Any CPU
		{108C8BDE-ED4F-4E93-9CD3-3F3A8C7F80D5}.Release|Any CPU.ActiveCfg = Release|Any CPU
		{108C8BDE-ED4F-4E93-9CD3-3F3A8C7F80D5}.Release|Any CPU.Build.0 = Release|Any CPU
		{CAC7EE83-DDA8-4682-8FA6-F6098B3A1711}.Debug|Any CPU.ActiveCfg = Debug|Any CPU
		{CAC7EE83-DDA8-4682-8FA6-F6098B3A1711}.Debug|Any CPU.Build.0 = Debug|Any CPU
		{CAC7EE83-DDA8-4682-8FA6-F6098B3A1711}.Release|Any CPU.ActiveCfg = Release|Any CPU
		{CAC7EE83-DDA8-4682-8FA6-F6098B3A1711}.Release|Any CPU.Build.0 = Release|Any CPU
	EndGlobalSection
	GlobalSection(SolutionProperties) = preSolution
		HideSolutionNode = FALSE
	EndGlobalSection
	GlobalSection(ExtensibilityGlobals) = postSolution
		SolutionGuid = {B6E470B4-6846-4F00-891F-EE3CBF526BEB}
	EndGlobalSection
EndGlobal
